// !$*UTF8*$!
{
	archiveVersion = 1;
	classes = {
	};
	objectVersion = 51;
	objects = {

/* Begin PBXBuildFile section */
		05276DCE261DD32800C05398 /* AppDelegate.swift in Sources */ = {isa = PBXBuildFile; fileRef = 05276DCD261DD32800C05398 /* AppDelegate.swift */; };
		05276DD0261DD32800C05398 /* SceneDelegate.swift in Sources */ = {isa = PBXBuildFile; fileRef = 05276DCF261DD32800C05398 /* SceneDelegate.swift */; };
		05276DD2261DD32800C05398 /* ViewController.swift in Sources */ = {isa = PBXBuildFile; fileRef = 05276DD1261DD32800C05398 /* ViewController.swift */; };
		05276DD5261DD32800C05398 /* Main.storyboard in Resources */ = {isa = PBXBuildFile; fileRef = 05276DD3261DD32800C05398 /* Main.storyboard */; };
		05276DD7261DD32900C05398 /* Assets.xcassets in Resources */ = {isa = PBXBuildFile; fileRef = 05276DD6261DD32900C05398 /* Assets.xcassets */; };
		05276DDA261DD32900C05398 /* LaunchScreen.storyboard in Resources */ = {isa = PBXBuildFile; fileRef = 05276DD8261DD32900C05398 /* LaunchScreen.storyboard */; };
		05276E07261DD81900C05398 /* GoogleService-Info.plist in Resources */ = {isa = PBXBuildFile; fileRef = 05276E06261DD81900C05398 /* GoogleService-Info.plist */; };
		05276E0D261E730B00C05398 /* ContentsViewController.swift in Sources */ = {isa = PBXBuildFile; fileRef = 05276E0C261E730B00C05398 /* ContentsViewController.swift */; };
		05276E10261E754D00C05398 /* CreateUserViewController.swift in Sources */ = {isa = PBXBuildFile; fileRef = 05276E0F261E754D00C05398 /* CreateUserViewController.swift */; };
		05276E14261E7B2600C05398 /* sendDBModel.swift in Sources */ = {isa = PBXBuildFile; fileRef = 05276E13261E7B2600C05398 /* sendDBModel.swift */; };
		05276E19261E9DB200C05398 /* UserDefaultsEX.swift in Sources */ = {isa = PBXBuildFile; fileRef = 05276E18261E9DB200C05398 /* UserDefaultsEX.swift */; };
		05276E1C261EA12800C05398 /* ProfileModel.swift in Sources */ = {isa = PBXBuildFile; fileRef = 05276E1B261EA12800C05398 /* ProfileModel.swift */; };
		05276E21261EBDF600C05398 /* CameraViewController.swift in Sources */ = {isa = PBXBuildFile; fileRef = 05276E20261EBDF600C05398 /* CameraViewController.swift */; };
		05276E25261FD31A00C05398 /* Constants.swift in Sources */ = {isa = PBXBuildFile; fileRef = 05276E24261FD31A00C05398 /* Constants.swift */; };
		05276E28261FFE7200C05398 /* LoadModel.swift in Sources */ = {isa = PBXBuildFile; fileRef = 05276E27261FFE7200C05398 /* LoadModel.swift */; };
		05276E2B261FFFD800C05398 /* ContentModel.swift in Sources */ = {isa = PBXBuildFile; fileRef = 05276E2A261FFFD800C05398 /* ContentModel.swift */; };
		05276E2E262319E900C05398 /* DetailViewController.swift in Sources */ = {isa = PBXBuildFile; fileRef = 05276E2D262319E900C05398 /* DetailViewController.swift */; };
		05276E312624483700C05398 /* WebViewController.swift in Sources */ = {isa = PBXBuildFile; fileRef = 05276E302624483700C05398 /* WebViewController.swift */; };
		05276E342624552000C05398 /* ProfileViewController.swift in Sources */ = {isa = PBXBuildFile; fileRef = 05276E332624552000C05398 /* ProfileViewController.swift */; };
		05276E38262457DD00C05398 /* ContentsCell.swift in Sources */ = {isa = PBXBuildFile; fileRef = 05276E36262457DD00C05398 /* ContentsCell.swift */; };
		05276E39262457DD00C05398 /* ContentsCell.xib in Resources */ = {isa = PBXBuildFile; fileRef = 05276E37262457DD00C05398 /* ContentsCell.xib */; };
		2987125370844AE4FE50D06F /* Pods_LunchApp0.framework in Frameworks */ = {isa = PBXBuildFile; fileRef = 24C07980691A10D5E41BEDAF /* Pods_LunchApp0.framework */; };
/* End PBXBuildFile section */

/* Begin PBXFileReference section */
		0011796D9F6A9A6930EC260C /* Pods-LunchApp0.debug.xcconfig */ = {isa = PBXFileReference; includeInIndex = 1; lastKnownFileType = text.xcconfig; name = "Pods-LunchApp0.debug.xcconfig"; path = "Target Support Files/Pods-LunchApp0/Pods-LunchApp0.debug.xcconfig"; sourceTree = "<group>"; };
		05276DCA261DD32800C05398 /* LunchApp0.app */ = {isa = PBXFileReference; explicitFileType = wrapper.application; includeInIndex = 0; path = LunchApp0.app; sourceTree = BUILT_PRODUCTS_DIR; };
		05276DCD261DD32800C05398 /* AppDelegate.swift */ = {isa = PBXFileReference; lastKnownFileType = sourcecode.swift; path = AppDelegate.swift; sourceTree = "<group>"; };
		05276DCF261DD32800C05398 /* SceneDelegate.swift */ = {isa = PBXFileReference; lastKnownFileType = sourcecode.swift; path = SceneDelegate.swift; sourceTree = "<group>"; };
		05276DD1261DD32800C05398 /* ViewController.swift */ = {isa = PBXFileReference; lastKnownFileType = sourcecode.swift; path = ViewController.swift; sourceTree = "<group>"; };
		05276DD4261DD32800C05398 /* Base */ = {isa = PBXFileReference; lastKnownFileType = file.storyboard; name = Base; path = Base.lproj/Main.storyboard; sourceTree = "<group>"; };
		05276DD6261DD32900C05398 /* Assets.xcassets */ = {isa = PBXFileReference; lastKnownFileType = folder.assetcatalog; path = Assets.xcassets; sourceTree = "<group>"; };
		05276DD9261DD32900C05398 /* Base */ = {isa = PBXFileReference; lastKnownFileType = file.storyboard; name = Base; path = Base.lproj/LaunchScreen.storyboard; sourceTree = "<group>"; };
		05276DDB261DD32900C05398 /* Info.plist */ = {isa = PBXFileReference; lastKnownFileType = text.plist.xml; path = Info.plist; sourceTree = "<group>"; };
		05276E06261DD81900C05398 /* GoogleService-Info.plist */ = {isa = PBXFileReference; fileEncoding = 4; lastKnownFileType = text.plist.xml; path = "GoogleService-Info.plist"; sourceTree = "<group>"; };
		05276E0C261E730B00C05398 /* ContentsViewController.swift */ = {isa = PBXFileReference; lastKnownFileType = sourcecode.swift; path = ContentsViewController.swift; sourceTree = "<group>"; };
		05276E0F261E754D00C05398 /* CreateUserViewController.swift */ = {isa = PBXFileReference; lastKnownFileType = sourcecode.swift; path = CreateUserViewController.swift; sourceTree = "<group>"; };
		05276E13261E7B2600C05398 /* sendDBModel.swift */ = {isa = PBXFileReference; lastKnownFileType = sourcecode.swift; path = sendDBModel.swift; sourceTree = "<group>"; };
		05276E18261E9DB200C05398 /* UserDefaultsEX.swift */ = {isa = PBXFileReference; lastKnownFileType = sourcecode.swift; path = UserDefaultsEX.swift; sourceTree = "<group>"; };
		05276E1B261EA12800C05398 /* ProfileModel.swift */ = {isa = PBXFileReference; lastKnownFileType = sourcecode.swift; path = ProfileModel.swift; sourceTree = "<group>"; };
		05276E20261EBDF600C05398 /* CameraViewController.swift */ = {isa = PBXFileReference; lastKnownFileType = sourcecode.swift; path = CameraViewController.swift; sourceTree = "<group>"; };
		05276E24261FD31A00C05398 /* Constants.swift */ = {isa = PBXFileReference; lastKnownFileType = sourcecode.swift; path = Constants.swift; sourceTree = "<group>"; };
		05276E27261FFE7200C05398 /* LoadModel.swift */ = {isa = PBXFileReference; lastKnownFileType = sourcecode.swift; path = LoadModel.swift; sourceTree = "<group>"; };
		05276E2A261FFFD800C05398 /* ContentModel.swift */ = {isa = PBXFileReference; lastKnownFileType = sourcecode.swift; path = ContentModel.swift; sourceTree = "<group>"; };
		05276E2D262319E900C05398 /* DetailViewController.swift */ = {isa = PBXFileReference; lastKnownFileType = sourcecode.swift; path = DetailViewController.swift; sourceTree = "<group>"; };
		05276E302624483700C05398 /* WebViewController.swift */ = {isa = PBXFileReference; lastKnownFileType = sourcecode.swift; path = WebViewController.swift; sourceTree = "<group>"; };
		05276E332624552000C05398 /* ProfileViewController.swift */ = {isa = PBXFileReference; lastKnownFileType = sourcecode.swift; path = ProfileViewController.swift; sourceTree = "<group>"; };
		05276E36262457DD00C05398 /* ContentsCell.swift */ = {isa = PBXFileReference; lastKnownFileType = sourcecode.swift; path = ContentsCell.swift; sourceTree = "<group>"; };
		05276E37262457DD00C05398 /* ContentsCell.xib */ = {isa = PBXFileReference; lastKnownFileType = file.xib; path = ContentsCell.xib; sourceTree = "<group>"; };
		24C07980691A10D5E41BEDAF /* Pods_LunchApp0.framework */ = {isa = PBXFileReference; explicitFileType = wrapper.framework; includeInIndex = 0; path = Pods_LunchApp0.framework; sourceTree = BUILT_PRODUCTS_DIR; };
		281CA0843502BA88CC8148E3 /* Pods-LunchApp0.release.xcconfig */ = {isa = PBXFileReference; includeInIndex = 1; lastKnownFileType = text.xcconfig; name = "Pods-LunchApp0.release.xcconfig"; path = "Target Support Files/Pods-LunchApp0/Pods-LunchApp0.release.xcconfig"; sourceTree = "<group>"; };
/* End PBXFileReference section */

/* Begin PBXFrameworksBuildPhase section */
		05276DC7261DD32800C05398 /* Frameworks */ = {
			isa = PBXFrameworksBuildPhase;
			buildActionMask = 2147483647;
			files = (
				2987125370844AE4FE50D06F /* Pods_LunchApp0.framework in Frameworks */,
			);
			runOnlyForDeploymentPostprocessing = 0;
		};
/* End PBXFrameworksBuildPhase section */

/* Begin PBXGroup section */
		05276DC1261DD32800C05398 = {
			isa = PBXGroup;
			children = (
				05276DCC261DD32800C05398 /* LunchApp0 */,
				05276DCB261DD32800C05398 /* Products */,
				BA185D680B86EABA48347972 /* Pods */,
				212EFC577D2A36D240C00B54 /* Frameworks */,
			);
			sourceTree = "<group>";
		};
		05276DCB261DD32800C05398 /* Products */ = {
			isa = PBXGroup;
			children = (
				05276DCA261DD32800C05398 /* LunchApp0.app */,
			);
			name = Products;
			sourceTree = "<group>";
		};
		05276DCC261DD32800C05398 /* LunchApp0 */ = {
			isa = PBXGroup;
			children = (
				05276DCD261DD32800C05398 /* AppDelegate.swift */,
				05276DCF261DD32800C05398 /* SceneDelegate.swift */,
				05276E23261FD2DF00C05398 /* Util */,
				05276E12261E7B0700C05398 /* Model */,
				05276E0A261DDA0C00C05398 /* Controller */,
				05276DE3261DD39D00C05398 /* View */,
				05276DD6261DD32900C05398 /* Assets.xcassets */,
				05276DD8261DD32900C05398 /* LaunchScreen.storyboard */,
				05276DDB261DD32900C05398 /* Info.plist */,
				05276E06261DD81900C05398 /* GoogleService-Info.plist */,
			);
			path = LunchApp0;
			sourceTree = "<group>";
		};
		05276DE3261DD39D00C05398 /* View */ = {
			isa = PBXGroup;
			children = (
				05276DD3261DD32800C05398 /* Main.storyboard */,
				05276E36262457DD00C05398 /* ContentsCell.swift */,
				05276E37262457DD00C05398 /* ContentsCell.xib */,
			);
			path = View;
			sourceTree = "<group>";
		};
		05276E0A261DDA0C00C05398 /* Controller */ = {
			isa = PBXGroup;
			children = (
				05276DD1261DD32800C05398 /* ViewController.swift */,
				05276E0C261E730B00C05398 /* ContentsViewController.swift */,
				05276E0F261E754D00C05398 /* CreateUserViewController.swift */,
				05276E20261EBDF600C05398 /* CameraViewController.swift */,
				05276E2D262319E900C05398 /* DetailViewController.swift */,
				05276E302624483700C05398 /* WebViewController.swift */,
				05276E332624552000C05398 /* ProfileViewController.swift */,
			);
			path = Controller;
			sourceTree = "<group>";
		};
		05276E12261E7B0700C05398 /* Model */ = {
			isa = PBXGroup;
			children = (
				05276E13261E7B2600C05398 /* sendDBModel.swift */,
				05276E18261E9DB200C05398 /* UserDefaultsEX.swift */,
				05276E1B261EA12800C05398 /* ProfileModel.swift */,
				05276E27261FFE7200C05398 /* LoadModel.swift */,
				05276E2A261FFFD800C05398 /* ContentModel.swift */,
			);
			path = Model;
			sourceTree = "<group>";
		};
		05276E23261FD2DF00C05398 /* Util */ = {
			isa = PBXGroup;
			children = (
				05276E24261FD31A00C05398 /* Constants.swift */,
			);
			path = Util;
			sourceTree = "<group>";
		};
		212EFC577D2A36D240C00B54 /* Frameworks */ = {
			isa = PBXGroup;
			children = (
				24C07980691A10D5E41BEDAF /* Pods_LunchApp0.framework */,
			);
			name = Frameworks;
			sourceTree = "<group>";
		};
		BA185D680B86EABA48347972 /* Pods */ = {
			isa = PBXGroup;
			children = (
				0011796D9F6A9A6930EC260C /* Pods-LunchApp0.debug.xcconfig */,
				281CA0843502BA88CC8148E3 /* Pods-LunchApp0.release.xcconfig */,
			);
			path = Pods;
			sourceTree = "<group>";
		};
/* End PBXGroup section */

/* Begin PBXNativeTarget section */
		05276DC9261DD32800C05398 /* LunchApp0 */ = {
			isa = PBXNativeTarget;
			buildConfigurationList = 05276DDE261DD32900C05398 /* Build configuration list for PBXNativeTarget "LunchApp0" */;
			buildPhases = (
				6B6E263E235A7955BB497174 /* [CP] Check Pods Manifest.lock */,
				05276DC6261DD32800C05398 /* Sources */,
				05276DC7261DD32800C05398 /* Frameworks */,
				05276DC8261DD32800C05398 /* Resources */,
				CE5C5A5F6621557782AE47D2 /* [CP] Embed Pods Frameworks */,
			);
			buildRules = (
			);
			dependencies = (
			);
			name = LunchApp0;
			productName = LunchApp0;
			productReference = 05276DCA261DD32800C05398 /* LunchApp0.app */;
			productType = "com.apple.product-type.application";
		};
/* End PBXNativeTarget section */

/* Begin PBXProject section */
		05276DC2261DD32800C05398 /* Project object */ = {
			isa = PBXProject;
			attributes = {
				LastSwiftUpdateCheck = 1240;
				LastUpgradeCheck = 1240;
				TargetAttributes = {
					05276DC9261DD32800C05398 = {
						CreatedOnToolsVersion = 12.4;
					};
				};
			};
			buildConfigurationList = 05276DC5261DD32800C05398 /* Build configuration list for PBXProject "LunchApp0" */;
			compatibilityVersion = "Xcode 9.3";
			developmentRegion = en;
			hasScannedForEncodings = 0;
			knownRegions = (
				en,
				Base,
			);
			mainGroup = 05276DC1261DD32800C05398;
			productRefGroup = 05276DCB261DD32800C05398 /* Products */;
			projectDirPath = "";
			projectRoot = "";
			targets = (
				05276DC9261DD32800C05398 /* LunchApp0 */,
			);
		};
/* End PBXProject section */

/* Begin PBXResourcesBuildPhase section */
		05276DC8261DD32800C05398 /* Resources */ = {
			isa = PBXResourcesBuildPhase;
			buildActionMask = 2147483647;
			files = (
				05276DDA261DD32900C05398 /* LaunchScreen.storyboard in Resources */,
				05276E39262457DD00C05398 /* ContentsCell.xib in Resources */,
				05276DD7261DD32900C05398 /* Assets.xcassets in Resources */,
				05276DD5261DD32800C05398 /* Main.storyboard in Resources */,
				05276E07261DD81900C05398 /* GoogleService-Info.plist in Resources */,
			);
			runOnlyForDeploymentPostprocessing = 0;
		};
/* End PBXResourcesBuildPhase section */

/* Begin PBXShellScriptBuildPhase section */
		6B6E263E235A7955BB497174 /* [CP] Check Pods Manifest.lock */ = {
			isa = PBXShellScriptBuildPhase;
			buildActionMask = 2147483647;
			files = (
			);
			inputFileListPaths = (
			);
			inputPaths = (
				"${PODS_PODFILE_DIR_PATH}/Podfile.lock",
				"${PODS_ROOT}/Manifest.lock",
			);
			name = "[CP] Check Pods Manifest.lock";
			outputFileListPaths = (
			);
			outputPaths = (
				"$(DERIVED_FILE_DIR)/Pods-LunchApp0-checkManifestLockResult.txt",
			);
			runOnlyForDeploymentPostprocessing = 0;
			shellPath = /bin/sh;
			shellScript = "diff \"${PODS_PODFILE_DIR_PATH}/Podfile.lock\" \"${PODS_ROOT}/Manifest.lock\" > /dev/null\nif [ $? != 0 ] ; then\n    # print error to STDERR\n    echo \"error: The sandbox is not in sync with the Podfile.lock. Run 'pod install' or update your CocoaPods installation.\" >&2\n    exit 1\nfi\n# This output is used by Xcode 'outputs' to avoid re-running this script phase.\necho \"SUCCESS\" > \"${SCRIPT_OUTPUT_FILE_0}\"\n";
			showEnvVarsInLog = 0;
		};
		CE5C5A5F6621557782AE47D2 /* [CP] Embed Pods Frameworks */ = {
			isa = PBXShellScriptBuildPhase;
			buildActionMask = 2147483647;
			files = (
			);
			inputFileListPaths = (
				"${PODS_ROOT}/Target Support Files/Pods-LunchApp0/Pods-LunchApp0-frameworks-${CONFIGURATION}-input-files.xcfilelist",
			);
			name = "[CP] Embed Pods Frameworks";
			outputFileListPaths = (
				"${PODS_ROOT}/Target Support Files/Pods-LunchApp0/Pods-LunchApp0-frameworks-${CONFIGURATION}-output-files.xcfilelist",
			);
			runOnlyForDeploymentPostprocessing = 0;
			shellPath = /bin/sh;
			shellScript = "\"${PODS_ROOT}/Target Support Files/Pods-LunchApp0/Pods-LunchApp0-frameworks.sh\"\n";
			showEnvVarsInLog = 0;
		};
/* End PBXShellScriptBuildPhase section */

/* Begin PBXSourcesBuildPhase section */
		05276DC6261DD32800C05398 /* Sources */ = {
			isa = PBXSourcesBuildPhase;
			buildActionMask = 2147483647;
			files = (
				05276E2E262319E900C05398 /* DetailViewController.swift in Sources */,
				05276DD2261DD32800C05398 /* ViewController.swift in Sources */,
				05276E14261E7B2600C05398 /* sendDBModel.swift in Sources */,
				05276E10261E754D00C05398 /* CreateUserViewController.swift in Sources */,
				05276E28261FFE7200C05398 /* LoadModel.swift in Sources */,
				05276E0D261E730B00C05398 /* ContentsViewController.swift in Sources */,
				05276E2B261FFFD800C05398 /* ContentModel.swift in Sources */,
				05276DCE261DD32800C05398 /* AppDelegate.swift in Sources */,
				05276E25261FD31A00C05398 /* Constants.swift in Sources */,
				05276E19261E9DB200C05398 /* UserDefaultsEX.swift in Sources */,
				05276DD0261DD32800C05398 /* SceneDelegate.swift in Sources */,
				05276E38262457DD00C05398 /* ContentsCell.swift in Sources */,
				05276E312624483700C05398 /* WebViewController.swift in Sources */,
				05276E342624552000C05398 /* ProfileViewController.swift in Sources */,
				05276E1C261EA12800C05398 /* ProfileModel.swift in Sources */,
				05276E21261EBDF600C05398 /* CameraViewController.swift in Sources */,
			);
			runOnlyForDeploymentPostprocessing = 0;
		};
/* End PBXSourcesBuildPhase section */

/* Begin PBXVariantGroup section */
		05276DD3261DD32800C05398 /* Main.storyboard */ = {
			isa = PBXVariantGroup;
			children = (
				05276DD4261DD32800C05398 /* Base */,
			);
			name = Main.storyboard;
			sourceTree = "<group>";
		};
		05276DD8261DD32900C05398 /* LaunchScreen.storyboard */ = {
			isa = PBXVariantGroup;
			children = (
				05276DD9261DD32900C05398 /* Base */,
			);
			name = LaunchScreen.storyboard;
			sourceTree = "<group>";
		};
/* End PBXVariantGroup section */

/* Begin XCBuildConfiguration section */
		05276DDC261DD32900C05398 /* Debug */ = {
			isa = XCBuildConfiguration;
			buildSettings = {
				ALWAYS_SEARCH_USER_PATHS = NO;
				CLANG_ANALYZER_NONNULL = YES;
				CLANG_ANALYZER_NUMBER_OBJECT_CONVERSION = YES_AGGRESSIVE;
				CLANG_CXX_LANGUAGE_STANDARD = "gnu++14";
				CLANG_CXX_LIBRARY = "libc++";
				CLANG_ENABLE_MODULES = YES;
				CLANG_ENABLE_OBJC_ARC = YES;
				CLANG_ENABLE_OBJC_WEAK = YES;
				CLANG_WARN_BLOCK_CAPTURE_AUTORELEASING = YES;
				CLANG_WARN_BOOL_CONVERSION = YES;
				CLANG_WARN_COMMA = YES;
				CLANG_WARN_CONSTANT_CONVERSION = YES;
				CLANG_WARN_DEPRECATED_OBJC_IMPLEMENTATIONS = YES;
				CLANG_WARN_DIRECT_OBJC_ISA_USAGE = YES_ERROR;
				CLANG_WARN_DOCUMENTATION_COMMENTS = YES;
				CLANG_WARN_EMPTY_BODY = YES;
				CLANG_WARN_ENUM_CONVERSION = YES;
				CLANG_WARN_INFINITE_RECURSION = YES;
				CLANG_WARN_INT_CONVERSION = YES;
				CLANG_WARN_NON_LITERAL_NULL_CONVERSION = YES;
				CLANG_WARN_OBJC_IMPLICIT_RETAIN_SELF = YES;
				CLANG_WARN_OBJC_LITERAL_CONVERSION = YES;
				CLANG_WARN_OBJC_ROOT_CLASS = YES_ERROR;
				CLANG_WARN_QUOTED_INCLUDE_IN_FRAMEWORK_HEADER = YES;
				CLANG_WARN_RANGE_LOOP_ANALYSIS = YES;
				CLANG_WARN_STRICT_PROTOTYPES = YES;
				CLANG_WARN_SUSPICIOUS_MOVE = YES;
				CLANG_WARN_UNGUARDED_AVAILABILITY = YES_AGGRESSIVE;
				CLANG_WARN_UNREACHABLE_CODE = YES;
				CLANG_WARN__DUPLICATE_METHOD_MATCH = YES;
				COPY_PHASE_STRIP = NO;
				DEBUG_INFORMATION_FORMAT = dwarf;
				ENABLE_STRICT_OBJC_MSGSEND = YES;
				ENABLE_TESTABILITY = YES;
				GCC_C_LANGUAGE_STANDARD = gnu11;
				GCC_DYNAMIC_NO_PIC = NO;
				GCC_NO_COMMON_BLOCKS = YES;
				GCC_OPTIMIZATION_LEVEL = 0;
				GCC_PREPROCESSOR_DEFINITIONS = (
					"DEBUG=1",
					"$(inherited)",
				);
				GCC_WARN_64_TO_32_BIT_CONVERSION = YES;
				GCC_WARN_ABOUT_RETURN_TYPE = YES_ERROR;
				GCC_WARN_UNDECLARED_SELECTOR = YES;
				GCC_WARN_UNINITIALIZED_AUTOS = YES_AGGRESSIVE;
				GCC_WARN_UNUSED_FUNCTION = YES;
				GCC_WARN_UNUSED_VARIABLE = YES;
				IPHONEOS_DEPLOYMENT_TARGET = 14.4;
				MTL_ENABLE_DEBUG_INFO = INCLUDE_SOURCE;
				MTL_FAST_MATH = YES;
				ONLY_ACTIVE_ARCH = YES;
				SDKROOT = iphoneos;
				SWIFT_ACTIVE_COMPILATION_CONDITIONS = DEBUG;
				SWIFT_OPTIMIZATION_LEVEL = "-Onone";
			};
			name = Debug;
		};
		05276DDD261DD32900C05398 /* Release */ = {
			isa = XCBuildConfiguration;
			buildSettings = {
				ALWAYS_SEARCH_USER_PATHS = NO;
				CLANG_ANALYZER_NONNULL = YES;
				CLANG_ANALYZER_NUMBER_OBJECT_CONVERSION = YES_AGGRESSIVE;
				CLANG_CXX_LANGUAGE_STANDARD = "gnu++14";
				CLANG_CXX_LIBRARY = "libc++";
				CLANG_ENABLE_MODULES = YES;
				CLANG_ENABLE_OBJC_ARC = YES;
				CLANG_ENABLE_OBJC_WEAK = YES;
				CLANG_WARN_BLOCK_CAPTURE_AUTORELEASING = YES;
				CLANG_WARN_BOOL_CONVERSION = YES;
				CLANG_WARN_COMMA = YES;
				CLANG_WARN_CONSTANT_CONVERSION = YES;
				CLANG_WARN_DEPRECATED_OBJC_IMPLEMENTATIONS = YES;
				CLANG_WARN_DIRECT_OBJC_ISA_USAGE = YES_ERROR;
				CLANG_WARN_DOCUMENTATION_COMMENTS = YES;
				CLANG_WARN_EMPTY_BODY = YES;
				CLANG_WARN_ENUM_CONVERSION = YES;
				CLANG_WARN_INFINITE_RECURSION = YES;
				CLANG_WARN_INT_CONVERSION = YES;
				CLANG_WARN_NON_LITERAL_NULL_CONVERSION = YES;
				CLANG_WARN_OBJC_IMPLICIT_RETAIN_SELF = YES;
				CLANG_WARN_OBJC_LITERAL_CONVERSION = YES;
				CLANG_WARN_OBJC_ROOT_CLASS = YES_ERROR;
				CLANG_WARN_QUOTED_INCLUDE_IN_FRAMEWORK_HEADER = YES;
				CLANG_WARN_RANGE_LOOP_ANALYSIS = YES;
				CLANG_WARN_STRICT_PROTOTYPES = YES;
				CLANG_WARN_SUSPICIOUS_MOVE = YES;
				CLANG_WARN_UNGUARDED_AVAILABILITY = YES_AGGRESSIVE;
				CLANG_WARN_UNREACHABLE_CODE = YES;
				CLANG_WARN__DUPLICATE_METHOD_MATCH = YES;
				COPY_PHASE_STRIP = NO;
				DEBUG_INFORMATION_FORMAT = "dwarf-with-dsym";
				ENABLE_NS_ASSERTIONS = NO;
				ENABLE_STRICT_OBJC_MSGSEND = YES;
				GCC_C_LANGUAGE_STANDARD = gnu11;
				GCC_NO_COMMON_BLOCKS = YES;
				GCC_WARN_64_TO_32_BIT_CONVERSION = YES;
				GCC_WARN_ABOUT_RETURN_TYPE = YES_ERROR;
				GCC_WARN_UNDECLARED_SELECTOR = YES;
				GCC_WARN_UNINITIALIZED_AUTOS = YES_AGGRESSIVE;
				GCC_WARN_UNUSED_FUNCTION = YES;
				GCC_WARN_UNUSED_VARIABLE = YES;
				IPHONEOS_DEPLOYMENT_TARGET = 14.4;
				MTL_ENABLE_DEBUG_INFO = NO;
				MTL_FAST_MATH = YES;
				SDKROOT = iphoneos;
				SWIFT_COMPILATION_MODE = wholemodule;
				SWIFT_OPTIMIZATION_LEVEL = "-O";
				VALIDATE_PRODUCT = YES;
			};
			name = Release;
		};
		05276DDF261DD32900C05398 /* Debug */ = {
			isa = XCBuildConfiguration;
			baseConfigurationReference = 0011796D9F6A9A6930EC260C /* Pods-LunchApp0.debug.xcconfig */;
			buildSettings = {
				ASSETCATALOG_COMPILER_APPICON_NAME = AppIcon;
				ASSETCATALOG_COMPILER_GLOBAL_ACCENT_COLOR_NAME = AccentColor;
				CODE_SIGN_STYLE = Automatic;
				INFOPLIST_FILE = LunchApp0/Info.plist;
				LD_RUNPATH_SEARCH_PATHS = (
					"$(inherited)",
					"@executable_path/Frameworks",
				);
				PRODUCT_BUNDLE_IDENTIFIER = com.Noneudemy.LunchApp0;
				PRODUCT_NAME = "$(TARGET_NAME)";
				SWIFT_VERSION = 5.0;
				TARGETED_DEVICE_FAMILY = 1;
			};
			name = Debug;
		};
		05276DE0261DD32900C05398 /* Release */ = {
			isa = XCBuildConfiguration;
			baseConfigurationReference = 281CA0843502BA88CC8148E3 /* Pods-LunchApp0.release.xcconfig */;
			buildSettings = {
				ASSETCATALOG_COMPILER_APPICON_NAME = AppIcon;
				ASSETCATALOG_COMPILER_GLOBAL_ACCENT_COLOR_NAME = AccentColor;
				CODE_SIGN_STYLE = Automatic;
				INFOPLIST_FILE = LunchApp0/Info.plist;
				LD_RUNPATH_SEARCH_PATHS = (
					"$(inherited)",
					"@executable_path/Frameworks",
				);
				PRODUCT_BUNDLE_IDENTIFIER = com.Noneudemy.LunchApp0;
				PRODUCT_NAME = "$(TARGET_NAME)";
				SWIFT_VERSION = 5.0;
				TARGETED_DEVICE_FAMILY = 1;
			};
			name = Release;
		};
/* End XCBuildConfiguration section */

/* Begin XCConfigurationList section */
		05276DC5261DD32800C05398 /* Build configuration list for PBXProject "LunchApp0" */ = {
			isa = XCConfigurationList;
			buildConfigurations = (
				05276DDC261DD32900C05398 /* Debug */,
				05276DDD261DD32900C05398 /* Release */,
			);
			defaultConfigurationIsVisible = 0;
			defaultConfigurationName = Release;
		};
		05276DDE261DD32900C05398 /* Build configuration list for PBXNativeTarget "LunchApp0" */ = {
			isa = XCConfigurationList;
			buildConfigurations = (
				05276DDF261DD32900C05398 /* Debug */,
				05276DE0261DD32900C05398 /* Release */,
			);
			defaultConfigurationIsVisible = 0;
			defaultConfigurationName = Release;
		};
/* End XCConfigurationList section */
	};
	rootObject = 05276DC2261DD32800C05398 /* Project object */;
}
